lockfileVersion: '9.0'

settings:
  autoInstallPeers: true
  excludeLinksFromLockfile: false

importers:

  .:
    dependencies:
      dotenv:
        specifier: ^16.4.5
        version: 16.4.5
    devDependencies:
      '@playwright/test':
        specifier: 1.43.0
        version: 1.43.0
      '@types/node':
        specifier: ^22.8.7
        version: 22.8.7

packages:

  '@playwright/test@1.43.0':
    resolution: {integrity: sha512-Ebw0+MCqoYflop7wVKj711ccbNlrwTBCtjY5rlbiY9kHL2bCYxq+qltK6uPsVBGGAOb033H2VO0YobcQVxoW7Q==}
    engines: {node: '>=16'}
    hasBin: true

  '@types/node@22.8.7':
    resolution: {integrity: sha512-LidcG+2UeYIWcMuMUpBKOnryBWG/rnmOHQR5apjn8myTQcx3rinFRn7DcIFhMnS0PPFSC6OafdIKEad0lj6U0Q==}

  dotenv@16.4.5:
    resolution: {integrity: sha512-ZmdL2rui+eB2YwhsWzjInR8LldtZHGDoQ1ugH85ppHKwpUHL7j7rN0Ti9NCnGiQbhaZ11FpR+7ao1dNsmduNUg==}
    engines: {node: '>=12'}

  fsevents@2.3.2:
    resolution: {integrity: sha512-xiqMQR4xAeHTuB9uWm+fFRcIOgKBMiOBP+eXiyT7jsgVCq1bkVygt00oASowB7EdtpOHaaPgKt812P9ab+DDKA==}
    engines: {node: ^8.16.0 || ^10.6.0 || >=11.0.0}
    os: [darwin]

  playwright-core@1.43.0:
    resolution: {integrity: sha512-iWFjyBUH97+pUFiyTqSLd8cDMMOS0r2ZYz2qEsPjH8/bX++sbIJT35MSwKnp1r/OQBAqC5XO99xFbJ9XClhf4w==}
    engines: {node: '>=16'}
    hasBin: true

  playwright@1.43.0:
    resolution: {integrity: sha512-SiOKHbVjTSf6wHuGCbqrEyzlm6qvXcv7mENP+OZon1I07brfZLGdfWV0l/efAzVx7TF3Z45ov1gPEkku9q25YQ==}
    engines: {node: '>=16'}
    hasBin: true

  undici-types@6.19.8:
    resolution: {integrity: sha512-ve2KP6f/JnbPBFyobGHuerC9g1FYGn/F8n1LWTwNxCEzd6IfqTwUQcNXgEtmmQ6DlRrC1hrSrBnCZPokRrDHjw==}

snapshots:

  '@playwright/test@1.43.0':
    dependencies:
      playwright: 1.43.0

  '@types/node@22.8.7':
    dependencies:
      undici-types: 6.19.8

  dotenv@16.4.5: {}

  fsevents@2.3.2:
    optional: true

  playwright-core@1.43.0: {}

  playwright@1.43.0:
    dependencies:
      playwright-core: 1.43.0
    optionalDependencies:
      fsevents: 2.3.2

  undici-types@6.19.8: {}
